PODS:
  - AFNetworking (3.2.1):
    - AFNetworking/NSURLSession (= 3.2.1)
    - AFNetworking/Reachability (= 3.2.1)
    - AFNetworking/Security (= 3.2.1)
    - AFNetworking/Serialization (= 3.2.1)
    - AFNetworking/UIKit (= 3.2.1)
  - AFNetworking/NSURLSession (3.2.1):
    - AFNetworking/Reachability
    - AFNetworking/Security
    - AFNetworking/Serialization
  - AFNetworking/Reachability (3.2.1)
  - AFNetworking/Security (3.2.1)
  - AFNetworking/Serialization (3.2.1)
  - AFNetworking/UIKit (3.2.1):
    - AFNetworking/NSURLSession
  - FormatterKit (1.8.2):
    - FormatterKit/AddressFormatter (= 1.8.2)
    - FormatterKit/ArrayFormatter (= 1.8.2)
    - FormatterKit/ColorFormatter (= 1.8.2)
    - FormatterKit/LocationFormatter (= 1.8.2)
    - FormatterKit/NameFormatter (= 1.8.2)
    - FormatterKit/OrdinalNumberFormatter (= 1.8.2)
    - FormatterKit/Resources (= 1.8.2)
    - FormatterKit/TimeIntervalFormatter (= 1.8.2)
    - FormatterKit/UnitOfInformationFormatter (= 1.8.2)
    - FormatterKit/URLRequestFormatter (= 1.8.2)
  - FormatterKit/AddressFormatter (1.8.2):
    - FormatterKit/Resources
  - FormatterKit/ArrayFormatter (1.8.2):
    - FormatterKit/Resources
  - FormatterKit/ColorFormatter (1.8.2):
    - FormatterKit/Resources
  - FormatterKit/LocationFormatter (1.8.2):
    - FormatterKit/Resources
  - FormatterKit/NameFormatter (1.8.2):
    - FormatterKit/Resources
  - FormatterKit/OrdinalNumberFormatter (1.8.2):
    - FormatterKit/Resources
  - FormatterKit/Resources (1.8.2)
  - FormatterKit/TimeIntervalFormatter (1.8.2):
    - FormatterKit/Resources
  - FormatterKit/UnitOfInformationFormatter (1.8.2):
    - FormatterKit/Resources
  - FormatterKit/URLRequestFormatter (1.8.2):
    - FormatterKit/Resources
  - Masonry (1.1.0)
  - pixlee_api (0.1.0):
    - AFNetworking (~> 3.2)
  - SDWebImage (3.8.3):
    - SDWebImage/Core (= 3.8.3)
  - SDWebImage/Core (3.8.3)

DEPENDENCIES:
  - FormatterKit (~> 1.8.2)
  - Masonry (~> 1.1)
  - pixlee_api (from `../`)
  - SDWebImage (~> 3.8.2)

SPEC REPOS:
  https://github.com/cocoapods/specs.git:
    - AFNetworking
    - FormatterKit
    - Masonry
    - SDWebImage

EXTERNAL SOURCES:
  pixlee_api:
    :path: "../"

SPEC CHECKSUMS:
  AFNetworking: b6f891fdfaed196b46c7a83cf209e09697b94057
  FormatterKit: 4b8f29acc9b872d5d12a63efb560661e8f2e1b98
  Masonry: 678fab65091a9290e40e2832a55e7ab731aad201
  pixlee_api: e87c0097381abc23655ec67b544bef2ecc85d400
  SDWebImage: a72e880a8fe0f7fc31efe15aaed443c074d2a80c

PODFILE CHECKSUM: 5c38fed81c5ddcbba5b510da633ab7ef04ea5fc9

COCOAPODS: 1.6.1
