// !$*UTF8*$!
{
	archiveVersion = 1;
	classes = {
	};
	objectVersion = 51;
	objects = {

/* Begin PBXBuildFile section */
		0A20BB4E2559A6A40AB2E197 /* Pods_pixlee_exampleTests.framework in Frameworks */ = {isa = PBXBuildFile; fileRef = 0DDC2778F04A8D3C8BA78BCB /* Pods_pixlee_exampleTests.framework */; };
		CD1C0D8123274C2D0099D28E /* AppDelegate.swift in Sources */ = {isa = PBXBuildFile; fileRef = CD1C0D8023274C2D0099D28E /* AppDelegate.swift */; };
		CD1C0D8323274C2D0099D28E /* FirstViewController.swift in Sources */ = {isa = PBXBuildFile; fileRef = CD1C0D8223274C2D0099D28E /* FirstViewController.swift */; };
		CD1C0D8523274C2D0099D28E /* SecondViewController.swift in Sources */ = {isa = PBXBuildFile; fileRef = CD1C0D8423274C2D0099D28E /* SecondViewController.swift */; };
		CD1C0D8823274C2D0099D28E /* Main.storyboard in Resources */ = {isa = PBXBuildFile; fileRef = CD1C0D8623274C2D0099D28E /* Main.storyboard */; };
		CD1C0D8A23274C2F0099D28E /* Assets.xcassets in Resources */ = {isa = PBXBuildFile; fileRef = CD1C0D8923274C2F0099D28E /* Assets.xcassets */; };
		CD1C0D8D23274C2F0099D28E /* LaunchScreen.storyboard in Resources */ = {isa = PBXBuildFile; fileRef = CD1C0D8B23274C2F0099D28E /* LaunchScreen.storyboard */; };
		CD68EA202343CB89000A382A /* PixleeSdk.swift in Sources */ = {isa = PBXBuildFile; fileRef = CD68EA1F2343CB89000A382A /* PixleeSdk.swift */; };
		CD68EA232343CD3B000A382A /* ad.m in Sources */ = {isa = PBXBuildFile; fileRef = CD68EA222343CD3B000A382A /* ad.m */; };
		CD68EA242343CD3B000A382A /* ad.m in Sources */ = {isa = PBXBuildFile; fileRef = CD68EA222343CD3B000A382A /* ad.m */; };
		E600956F83D3370B6F7BF070 /* Pods_pixlee_example.framework in Frameworks */ = {isa = PBXBuildFile; fileRef = EE41573BA026B6B75013575E /* Pods_pixlee_example.framework */; };
/* End PBXBuildFile section */

/* Begin PBXContainerItemProxy section */
		CD68EA062343C2EF000A382A /* PBXContainerItemProxy */ = {
			isa = PBXContainerItemProxy;
			containerPortal = CD1C0D7523274C2D0099D28E /* Project object */;
			proxyType = 1;
			remoteGlobalIDString = CD1C0D7C23274C2D0099D28E;
			remoteInfo = pixlee_example;
		};
/* End PBXContainerItemProxy section */

/* Begin PBXFileReference section */
		0DDC2778F04A8D3C8BA78BCB /* Pods_pixlee_exampleTests.framework */ = {isa = PBXFileReference; explicitFileType = wrapper.framework; includeInIndex = 0; path = Pods_pixlee_exampleTests.framework; sourceTree = BUILT_PRODUCTS_DIR; };
		51BF2EB46E57600BCAFF748C /* Pods-pixlee_exampleTests.debug.xcconfig */ = {isa = PBXFileReference; includeInIndex = 1; lastKnownFileType = text.xcconfig; name = "Pods-pixlee_exampleTests.debug.xcconfig"; path = "Target Support Files/Pods-pixlee_exampleTests/Pods-pixlee_exampleTests.debug.xcconfig"; sourceTree = "<group>"; };
		909BBA00219BADF43C6AB95A /* Pods-pixlee_example.debug.xcconfig */ = {isa = PBXFileReference; includeInIndex = 1; lastKnownFileType = text.xcconfig; name = "Pods-pixlee_example.debug.xcconfig"; path = "Target Support Files/Pods-pixlee_example/Pods-pixlee_example.debug.xcconfig"; sourceTree = "<group>"; };
		B08B07F9D0D0DE2C28D8B2B3 /* Pods-pixlee_exampleTests.release.xcconfig */ = {isa = PBXFileReference; includeInIndex = 1; lastKnownFileType = text.xcconfig; name = "Pods-pixlee_exampleTests.release.xcconfig"; path = "Target Support Files/Pods-pixlee_exampleTests/Pods-pixlee_exampleTests.release.xcconfig"; sourceTree = "<group>"; };
		CD1C0D7D23274C2D0099D28E /* pixlee_example.app */ = {isa = PBXFileReference; explicitFileType = wrapper.application; includeInIndex = 0; path = pixlee_example.app; sourceTree = BUILT_PRODUCTS_DIR; };
		CD1C0D8023274C2D0099D28E /* AppDelegate.swift */ = {isa = PBXFileReference; lastKnownFileType = sourcecode.swift; path = AppDelegate.swift; sourceTree = "<group>"; };
		CD1C0D8223274C2D0099D28E /* FirstViewController.swift */ = {isa = PBXFileReference; lastKnownFileType = sourcecode.swift; path = FirstViewController.swift; sourceTree = "<group>"; };
		CD1C0D8423274C2D0099D28E /* SecondViewController.swift */ = {isa = PBXFileReference; lastKnownFileType = sourcecode.swift; path = SecondViewController.swift; sourceTree = "<group>"; };
		CD1C0D8723274C2D0099D28E /* Base */ = {isa = PBXFileReference; lastKnownFileType = file.storyboard; name = Base; path = Base.lproj/Main.storyboard; sourceTree = "<group>"; };
		CD1C0D8923274C2F0099D28E /* Assets.xcassets */ = {isa = PBXFileReference; lastKnownFileType = folder.assetcatalog; path = Assets.xcassets; sourceTree = "<group>"; };
		CD1C0D8C23274C2F0099D28E /* Base */ = {isa = PBXFileReference; lastKnownFileType = file.storyboard; name = Base; path = Base.lproj/LaunchScreen.storyboard; sourceTree = "<group>"; };
		CD1C0D8E23274C2F0099D28E /* Info.plist */ = {isa = PBXFileReference; lastKnownFileType = text.plist.xml; path = Info.plist; sourceTree = "<group>"; };
		CD68EA012343C2EF000A382A /* pixlee_exampleTests.xctest */ = {isa = PBXFileReference; explicitFileType = wrapper.cfbundle; includeInIndex = 0; path = pixlee_exampleTests.xctest; sourceTree = BUILT_PRODUCTS_DIR; };
		CD68EA052343C2EF000A382A /* Info.plist */ = {isa = PBXFileReference; lastKnownFileType = text.plist.xml; path = Info.plist; sourceTree = "<group>"; };
		CD68EA1F2343CB89000A382A /* PixleeSdk.swift */ = {isa = PBXFileReference; lastKnownFileType = sourcecode.swift; path = PixleeSdk.swift; sourceTree = "<group>"; };
		CD68EA222343CD3B000A382A /* ad.m */ = {isa = PBXFileReference; lastKnownFileType = sourcecode.c.objc; path = ad.m; sourceTree = "<group>"; };
		CD68EA252343CD98000A382A /* pixlee_example-Bridging-Header.h */ = {isa = PBXFileReference; fileEncoding = 4; lastKnownFileType = sourcecode.c.h; path = "pixlee_example-Bridging-Header.h"; sourceTree = "<group>"; };
		CD68EA262343CDE3000A382A /* pixlee_exampleTests-Bridging-Header.h */ = {isa = PBXFileReference; fileEncoding = 4; lastKnownFileType = sourcecode.c.h; path = "pixlee_exampleTests-Bridging-Header.h"; sourceTree = "<group>"; };
		D3C8AFAA2D04F7A0270A2151 /* Pods-pixlee_example.release.xcconfig */ = {isa = PBXFileReference; includeInIndex = 1; lastKnownFileType = text.xcconfig; name = "Pods-pixlee_example.release.xcconfig"; path = "Target Support Files/Pods-pixlee_example/Pods-pixlee_example.release.xcconfig"; sourceTree = "<group>"; };
		EE41573BA026B6B75013575E /* Pods_pixlee_example.framework */ = {isa = PBXFileReference; explicitFileType = wrapper.framework; includeInIndex = 0; path = Pods_pixlee_example.framework; sourceTree = BUILT_PRODUCTS_DIR; };
/* End PBXFileReference section */

/* Begin PBXFrameworksBuildPhase section */
		CD1C0D7A23274C2D0099D28E /* Frameworks */ = {
			isa = PBXFrameworksBuildPhase;
			buildActionMask = 2147483647;
			files = (
				E600956F83D3370B6F7BF070 /* Pods_pixlee_example.framework in Frameworks */,
			);
			runOnlyForDeploymentPostprocessing = 0;
		};
		CD68E9FE2343C2EF000A382A /* Frameworks */ = {
			isa = PBXFrameworksBuildPhase;
			buildActionMask = 2147483647;
			files = (
				0A20BB4E2559A6A40AB2E197 /* Pods_pixlee_exampleTests.framework in Frameworks */,
			);
			runOnlyForDeploymentPostprocessing = 0;
		};
/* End PBXFrameworksBuildPhase section */

/* Begin PBXGroup section */
		5C9E8448AE21911CF814B4FB /* Pods */ = {
			isa = PBXGroup;
			children = (
				909BBA00219BADF43C6AB95A /* Pods-pixlee_example.debug.xcconfig */,
				D3C8AFAA2D04F7A0270A2151 /* Pods-pixlee_example.release.xcconfig */,
				51BF2EB46E57600BCAFF748C /* Pods-pixlee_exampleTests.debug.xcconfig */,
				B08B07F9D0D0DE2C28D8B2B3 /* Pods-pixlee_exampleTests.release.xcconfig */,
			);
			path = Pods;
			sourceTree = "<group>";
		};
		CD1C0D7423274C2D0099D28E = {
			isa = PBXGroup;
			children = (
				CD1C0D7F23274C2D0099D28E /* pixlee_example */,
				CD68EA022343C2EF000A382A /* pixlee_exampleTests */,
				CD1C0D7E23274C2D0099D28E /* Products */,
				CD68EA252343CD98000A382A /* pixlee_example-Bridging-Header.h */,
				CD68EA262343CDE3000A382A /* pixlee_exampleTests-Bridging-Header.h */,
				CD68EA222343CD3B000A382A /* ad.m */,
				CD2402C9232984B3004F6A46 /* Frameworks */,
				5C9E8448AE21911CF814B4FB /* Pods */,
			);
			sourceTree = "<group>";
		};
		CD1C0D7E23274C2D0099D28E /* Products */ = {
			isa = PBXGroup;
			children = (
				CD1C0D7D23274C2D0099D28E /* pixlee_example.app */,
				CD68EA012343C2EF000A382A /* pixlee_exampleTests.xctest */,
			);
			name = Products;
			sourceTree = "<group>";
		};
		CD1C0D7F23274C2D0099D28E /* pixlee_example */ = {
			isa = PBXGroup;
			children = (
				CD1C0D8023274C2D0099D28E /* AppDelegate.swift */,
				CD1C0D8223274C2D0099D28E /* FirstViewController.swift */,
				CD1C0D8423274C2D0099D28E /* SecondViewController.swift */,
				CD1C0D8623274C2D0099D28E /* Main.storyboard */,
				CD1C0D8923274C2F0099D28E /* Assets.xcassets */,
				CD1C0D8B23274C2F0099D28E /* LaunchScreen.storyboard */,
				CD1C0D8E23274C2F0099D28E /* Info.plist */,
				CD68E9FC2343C0B3000A382A /* New Group */,
			);
			path = pixlee_example;
			sourceTree = "<group>";
		};
		CD2402C9232984B3004F6A46 /* Frameworks */ = {
			isa = PBXGroup;
			children = (
				EE41573BA026B6B75013575E /* Pods_pixlee_example.framework */,
				0DDC2778F04A8D3C8BA78BCB /* Pods_pixlee_exampleTests.framework */,
			);
			name = Frameworks;
			sourceTree = "<group>";
		};
		CD68E9FC2343C0B3000A382A /* New Group */ = {
			isa = PBXGroup;
			children = (
			);
			path = "New Group";
			sourceTree = "<group>";
		};
		CD68EA022343C2EF000A382A /* pixlee_exampleTests */ = {
			isa = PBXGroup;
			children = (
				CD68EA1F2343CB89000A382A /* PixleeSdk.swift */,
				CD68EA052343C2EF000A382A /* Info.plist */,
			);
			path = pixlee_exampleTests;
			sourceTree = "<group>";
		};
/* End PBXGroup section */

/* Begin PBXNativeTarget section */
		CD1C0D7C23274C2D0099D28E /* pixlee_example */ = {
			isa = PBXNativeTarget;
			buildConfigurationList = CD1C0D9123274C2F0099D28E /* Build configuration list for PBXNativeTarget "pixlee_example" */;
			buildPhases = (
				F691D6F295D1D57AD157B639 /* [CP] Check Pods Manifest.lock */,
				CD1C0D7923274C2D0099D28E /* Sources */,
				CD1C0D7A23274C2D0099D28E /* Frameworks */,
				CD1C0D7B23274C2D0099D28E /* Resources */,
				EE29CD05E6A5F650EDCBF0BB /* [CP] Embed Pods Frameworks */,
			);
			buildRules = (
			);
			dependencies = (
			);
			name = pixlee_example;
			productName = pixlee_example;
			productReference = CD1C0D7D23274C2D0099D28E /* pixlee_example.app */;
			productType = "com.apple.product-type.application";
		};
		CD68EA002343C2EF000A382A /* pixlee_exampleTests */ = {
			isa = PBXNativeTarget;
			buildConfigurationList = CD68EA0A2343C2EF000A382A /* Build configuration list for PBXNativeTarget "pixlee_exampleTests" */;
			buildPhases = (
				83B8F6E7A891DE33222CFC5C /* [CP] Check Pods Manifest.lock */,
				CD68E9FD2343C2EF000A382A /* Sources */,
				CD68E9FE2343C2EF000A382A /* Frameworks */,
				CD68E9FF2343C2EF000A382A /* Resources */,
			);
			buildRules = (
			);
			dependencies = (
				CD68EA072343C2EF000A382A /* PBXTargetDependency */,
			);
			name = pixlee_exampleTests;
			productName = pixlee_exampleTests;
			productReference = CD68EA012343C2EF000A382A /* pixlee_exampleTests.xctest */;
			productType = "com.apple.product-type.bundle.unit-test";
		};
/* End PBXNativeTarget section */

/* Begin PBXProject section */
		CD1C0D7523274C2D0099D28E /* Project object */ = {
			isa = PBXProject;
			attributes = {
				LastSwiftUpdateCheck = 1100;
				LastUpgradeCheck = 1030;
				ORGANIZATIONNAME = Pixlee;
				TargetAttributes = {
					CD1C0D7C23274C2D0099D28E = {
						CreatedOnToolsVersion = 10.3;
						LastSwiftMigration = 1030;
					};
					CD68EA002343C2EF000A382A = {
						CreatedOnToolsVersion = 11.0;
						LastSwiftMigration = 1100;
						TestTargetID = CD1C0D7C23274C2D0099D28E;
					};
				};
			};
			buildConfigurationList = CD1C0D7823274C2D0099D28E /* Build configuration list for PBXProject "pixlee_example" */;
			compatibilityVersion = "Xcode 9.3";
			developmentRegion = en;
			hasScannedForEncodings = 0;
			knownRegions = (
				en,
				Base,
			);
			mainGroup = CD1C0D7423274C2D0099D28E;
			productRefGroup = CD1C0D7E23274C2D0099D28E /* Products */;
			projectDirPath = "";
			projectRoot = "";
			targets = (
				CD1C0D7C23274C2D0099D28E /* pixlee_example */,
				CD68EA002343C2EF000A382A /* pixlee_exampleTests */,
			);
		};
/* End PBXProject section */

/* Begin PBXResourcesBuildPhase section */
		CD1C0D7B23274C2D0099D28E /* Resources */ = {
			isa = PBXResourcesBuildPhase;
			buildActionMask = 2147483647;
			files = (
				CD1C0D8D23274C2F0099D28E /* LaunchScreen.storyboard in Resources */,
				CD1C0D8A23274C2F0099D28E /* Assets.xcassets in Resources */,
				CD1C0D8823274C2D0099D28E /* Main.storyboard in Resources */,
			);
			runOnlyForDeploymentPostprocessing = 0;
		};
		CD68E9FF2343C2EF000A382A /* Resources */ = {
			isa = PBXResourcesBuildPhase;
			buildActionMask = 2147483647;
			files = (
			);
			runOnlyForDeploymentPostprocessing = 0;
		};
/* End PBXResourcesBuildPhase section */

/* Begin PBXShellScriptBuildPhase section */
		83B8F6E7A891DE33222CFC5C /* [CP] Check Pods Manifest.lock */ = {
			isa = PBXShellScriptBuildPhase;
			buildActionMask = 2147483647;
			files = (
			);
			inputFileListPaths = (
			);
			inputPaths = (
				"${PODS_PODFILE_DIR_PATH}/Podfile.lock",
				"${PODS_ROOT}/Manifest.lock",
			);
			name = "[CP] Check Pods Manifest.lock";
			outputFileListPaths = (
			);
			outputPaths = (
				"$(DERIVED_FILE_DIR)/Pods-pixlee_exampleTests-checkManifestLockResult.txt",
			);
			runOnlyForDeploymentPostprocessing = 0;
			shellPath = /bin/sh;
			shellScript = "diff \"${PODS_PODFILE_DIR_PATH}/Podfile.lock\" \"${PODS_ROOT}/Manifest.lock\" > /dev/null\nif [ $? != 0 ] ; then\n    # print error to STDERR\n    echo \"error: The sandbox is not in sync with the Podfile.lock. Run 'pod install' or update your CocoaPods installation.\" >&2\n    exit 1\nfi\n# This output is used by Xcode 'outputs' to avoid re-running this script phase.\necho \"SUCCESS\" > \"${SCRIPT_OUTPUT_FILE_0}\"\n";
			showEnvVarsInLog = 0;
		};
		EE29CD05E6A5F650EDCBF0BB /* [CP] Embed Pods Frameworks */ = {
			isa = PBXShellScriptBuildPhase;
			buildActionMask = 2147483647;
			files = (
			);
			inputFileListPaths = (
				"${PODS_ROOT}/Target Support Files/Pods-pixlee_example/Pods-pixlee_example-frameworks-${CONFIGURATION}-input-files.xcfilelist",
			);
			name = "[CP] Embed Pods Frameworks";
			outputFileListPaths = (
				"${PODS_ROOT}/Target Support Files/Pods-pixlee_example/Pods-pixlee_example-frameworks-${CONFIGURATION}-output-files.xcfilelist",
			);
			runOnlyForDeploymentPostprocessing = 0;
			shellPath = /bin/sh;
			shellScript = "\"${PODS_ROOT}/Target Support Files/Pods-pixlee_example/Pods-pixlee_example-frameworks.sh\"\n";
			showEnvVarsInLog = 0;
		};
		F691D6F295D1D57AD157B639 /* [CP] Check Pods Manifest.lock */ = {
			isa = PBXShellScriptBuildPhase;
			buildActionMask = 2147483647;
			files = (
			);
			inputFileListPaths = (
			);
			inputPaths = (
				"${PODS_PODFILE_DIR_PATH}/Podfile.lock",
				"${PODS_ROOT}/Manifest.lock",
			);
			name = "[CP] Check Pods Manifest.lock";
			outputFileListPaths = (
			);
			outputPaths = (
				"$(DERIVED_FILE_DIR)/Pods-pixlee_example-checkManifestLockResult.txt",
			);
			runOnlyForDeploymentPostprocessing = 0;
			shellPath = /bin/sh;
			shellScript = "diff \"${PODS_PODFILE_DIR_PATH}/Podfile.lock\" \"${PODS_ROOT}/Manifest.lock\" > /dev/null\nif [ $? != 0 ] ; then\n    # print error to STDERR\n    echo \"error: The sandbox is not in sync with the Podfile.lock. Run 'pod install' or update your CocoaPods installation.\" >&2\n    exit 1\nfi\n# This output is used by Xcode 'outputs' to avoid re-running this script phase.\necho \"SUCCESS\" > \"${SCRIPT_OUTPUT_FILE_0}\"\n";
			showEnvVarsInLog = 0;
		};
/* End PBXShellScriptBuildPhase section */

/* Begin PBXSourcesBuildPhase section */
		CD1C0D7923274C2D0099D28E /* Sources */ = {
			isa = PBXSourcesBuildPhase;
			buildActionMask = 2147483647;
			files = (
				CD68EA232343CD3B000A382A /* ad.m in Sources */,
				CD1C0D8523274C2D0099D28E /* SecondViewController.swift in Sources */,
				CD1C0D8123274C2D0099D28E /* AppDelegate.swift in Sources */,
				CD1C0D8323274C2D0099D28E /* FirstViewController.swift in Sources */,
			);
			runOnlyForDeploymentPostprocessing = 0;
		};
		CD68E9FD2343C2EF000A382A /* Sources */ = {
			isa = PBXSourcesBuildPhase;
			buildActionMask = 2147483647;
			files = (
				CD68EA242343CD3B000A382A /* ad.m in Sources */,
				CD68EA202343CB89000A382A /* PixleeSdk.swift in Sources */,
			);
			runOnlyForDeploymentPostprocessing = 0;
		};
/* End PBXSourcesBuildPhase section */

/* Begin PBXTargetDependency section */
		CD68EA072343C2EF000A382A /* PBXTargetDependency */ = {
			isa = PBXTargetDependency;
			target = CD1C0D7C23274C2D0099D28E /* pixlee_example */;
			targetProxy = CD68EA062343C2EF000A382A /* PBXContainerItemProxy */;
		};
/* End PBXTargetDependency section */

/* Begin PBXVariantGroup section */
		CD1C0D8623274C2D0099D28E /* Main.storyboard */ = {
			isa = PBXVariantGroup;
			children = (
				CD1C0D8723274C2D0099D28E /* Base */,
			);
			name = Main.storyboard;
			sourceTree = "<group>";
		};
		CD1C0D8B23274C2F0099D28E /* LaunchScreen.storyboard */ = {
			isa = PBXVariantGroup;
			children = (
				CD1C0D8C23274C2F0099D28E /* Base */,
			);
			name = LaunchScreen.storyboard;
			sourceTree = "<group>";
		};
/* End PBXVariantGroup section */

/* Begin XCBuildConfiguration section */
		CD1C0D8F23274C2F0099D28E /* Debug */ = {
			isa = XCBuildConfiguration;
			buildSettings = {
				ALWAYS_SEARCH_USER_PATHS = NO;
				CLANG_ANALYZER_NONNULL = YES;
				CLANG_ANALYZER_NUMBER_OBJECT_CONVERSION = YES_AGGRESSIVE;
				CLANG_CXX_LANGUAGE_STANDARD = "gnu++14";
				CLANG_CXX_LIBRARY = "libc++";
				CLANG_ENABLE_MODULES = YES;
				CLANG_ENABLE_OBJC_ARC = YES;
				CLANG_ENABLE_OBJC_WEAK = YES;
				CLANG_WARN_BLOCK_CAPTURE_AUTORELEASING = YES;
				CLANG_WARN_BOOL_CONVERSION = YES;
				CLANG_WARN_COMMA = YES;
				CLANG_WARN_CONSTANT_CONVERSION = YES;
				CLANG_WARN_DEPRECATED_OBJC_IMPLEMENTATIONS = YES;
				CLANG_WARN_DIRECT_OBJC_ISA_USAGE = YES_ERROR;
				CLANG_WARN_DOCUMENTATION_COMMENTS = YES;
				CLANG_WARN_EMPTY_BODY = YES;
				CLANG_WARN_ENUM_CONVERSION = YES;
				CLANG_WARN_INFINITE_RECURSION = YES;
				CLANG_WARN_INT_CONVERSION = YES;
				CLANG_WARN_NON_LITERAL_NULL_CONVERSION = YES;
				CLANG_WARN_OBJC_IMPLICIT_RETAIN_SELF = YES;
				CLANG_WARN_OBJC_LITERAL_CONVERSION = YES;
				CLANG_WARN_OBJC_ROOT_CLASS = YES_ERROR;
				CLANG_WARN_RANGE_LOOP_ANALYSIS = YES;
				CLANG_WARN_STRICT_PROTOTYPES = YES;
				CLANG_WARN_SUSPICIOUS_MOVE = YES;
				CLANG_WARN_UNGUARDED_AVAILABILITY = YES_AGGRESSIVE;
				CLANG_WARN_UNREACHABLE_CODE = YES;
				CLANG_WARN__DUPLICATE_METHOD_MATCH = YES;
				CODE_SIGN_IDENTITY = "iPhone Developer";
				COPY_PHASE_STRIP = NO;
				DEBUG_INFORMATION_FORMAT = dwarf;
				ENABLE_STRICT_OBJC_MSGSEND = YES;
				ENABLE_TESTABILITY = YES;
				GCC_C_LANGUAGE_STANDARD = gnu11;
				GCC_DYNAMIC_NO_PIC = NO;
				GCC_NO_COMMON_BLOCKS = YES;
				GCC_OPTIMIZATION_LEVEL = 0;
				GCC_PREPROCESSOR_DEFINITIONS = (
					"DEBUG=1",
					"$(inherited)",
				);
				GCC_WARN_64_TO_32_BIT_CONVERSION = YES;
				GCC_WARN_ABOUT_RETURN_TYPE = YES_ERROR;
				GCC_WARN_UNDECLARED_SELECTOR = YES;
				GCC_WARN_UNINITIALIZED_AUTOS = YES_AGGRESSIVE;
				GCC_WARN_UNUSED_FUNCTION = YES;
				GCC_WARN_UNUSED_VARIABLE = YES;
				IPHONEOS_DEPLOYMENT_TARGET = 12.4;
				MTL_ENABLE_DEBUG_INFO = INCLUDE_SOURCE;
				MTL_FAST_MATH = YES;
				ONLY_ACTIVE_ARCH = YES;
				SDKROOT = iphoneos;
				SWIFT_ACTIVE_COMPILATION_CONDITIONS = DEBUG;
				SWIFT_OPTIMIZATION_LEVEL = "-Onone";
			};
			name = Debug;
		};
		CD1C0D9023274C2F0099D28E /* Release */ = {
			isa = XCBuildConfiguration;
			buildSettings = {
				ALWAYS_SEARCH_USER_PATHS = NO;
				CLANG_ANALYZER_NONNULL = YES;
				CLANG_ANALYZER_NUMBER_OBJECT_CONVERSION = YES_AGGRESSIVE;
				CLANG_CXX_LANGUAGE_STANDARD = "gnu++14";
				CLANG_CXX_LIBRARY = "libc++";
				CLANG_ENABLE_MODULES = YES;
				CLANG_ENABLE_OBJC_ARC = YES;
				CLANG_ENABLE_OBJC_WEAK = YES;
				CLANG_WARN_BLOCK_CAPTURE_AUTORELEASING = YES;
				CLANG_WARN_BOOL_CONVERSION = YES;
				CLANG_WARN_COMMA = YES;
				CLANG_WARN_CONSTANT_CONVERSION = YES;
				CLANG_WARN_DEPRECATED_OBJC_IMPLEMENTATIONS = YES;
				CLANG_WARN_DIRECT_OBJC_ISA_USAGE = YES_ERROR;
				CLANG_WARN_DOCUMENTATION_COMMENTS = YES;
				CLANG_WARN_EMPTY_BODY = YES;
				CLANG_WARN_ENUM_CONVERSION = YES;
				CLANG_WARN_INFINITE_RECURSION = YES;
				CLANG_WARN_INT_CONVERSION = YES;
				CLANG_WARN_NON_LITERAL_NULL_CONVERSION = YES;
				CLANG_WARN_OBJC_IMPLICIT_RETAIN_SELF = YES;
				CLANG_WARN_OBJC_LITERAL_CONVERSION = YES;
				CLANG_WARN_OBJC_ROOT_CLASS = YES_ERROR;
				CLANG_WARN_RANGE_LOOP_ANALYSIS = YES;
				CLANG_WARN_STRICT_PROTOTYPES = YES;
				CLANG_WARN_SUSPICIOUS_MOVE = YES;
				CLANG_WARN_UNGUARDED_AVAILABILITY = YES_AGGRESSIVE;
				CLANG_WARN_UNREACHABLE_CODE = YES;
				CLANG_WARN__DUPLICATE_METHOD_MATCH = YES;
				CODE_SIGN_IDENTITY = "iPhone Developer";
				COPY_PHASE_STRIP = NO;
				DEBUG_INFORMATION_FORMAT = "dwarf-with-dsym";
				ENABLE_NS_ASSERTIONS = NO;
				ENABLE_STRICT_OBJC_MSGSEND = YES;
				GCC_C_LANGUAGE_STANDARD = gnu11;
				GCC_NO_COMMON_BLOCKS = YES;
				GCC_WARN_64_TO_32_BIT_CONVERSION = YES;
				GCC_WARN_ABOUT_RETURN_TYPE = YES_ERROR;
				GCC_WARN_UNDECLARED_SELECTOR = YES;
				GCC_WARN_UNINITIALIZED_AUTOS = YES_AGGRESSIVE;
				GCC_WARN_UNUSED_FUNCTION = YES;
				GCC_WARN_UNUSED_VARIABLE = YES;
				IPHONEOS_DEPLOYMENT_TARGET = 12.4;
				MTL_ENABLE_DEBUG_INFO = NO;
				MTL_FAST_MATH = YES;
				SDKROOT = iphoneos;
				SWIFT_COMPILATION_MODE = wholemodule;
				SWIFT_OPTIMIZATION_LEVEL = "-O";
				VALIDATE_PRODUCT = YES;
			};
			name = Release;
		};
		CD1C0D9223274C2F0099D28E /* Debug */ = {
			isa = XCBuildConfiguration;
			baseConfigurationReference = 909BBA00219BADF43C6AB95A /* Pods-pixlee_example.debug.xcconfig */;
			buildSettings = {
				ASSETCATALOG_COMPILER_APPICON_NAME = AppIcon;
				CLANG_ENABLE_MODULES = YES;
				CODE_SIGN_STYLE = Automatic;
				DEVELOPMENT_TEAM = Q28M29YQL8;
				FRAMEWORK_SEARCH_PATHS = (
					"$(inherited)",
					"$(PROJECT_DIR)/Carthage/Build/iOS",
				);
				INFOPLIST_FILE = pixlee_example/Info.plist;
				LD_RUNPATH_SEARCH_PATHS = (
					"$(inherited)",
					"@executable_path/Frameworks",
				);
				PRODUCT_BUNDLE_IDENTIFIER = "Pixlee.pixlee-example";
				PRODUCT_NAME = "$(TARGET_NAME)";
				SWIFT_OBJC_BRIDGING_HEADER = "pixlee_example-Bridging-Header.h";
				SWIFT_OPTIMIZATION_LEVEL = "-Onone";
				SWIFT_VERSION = 5.0;
				TARGETED_DEVICE_FAMILY = "1,2";
			};
			name = Debug;
		};
		CD1C0D9323274C2F0099D28E /* Release */ = {
			isa = XCBuildConfiguration;
			baseConfigurationReference = D3C8AFAA2D04F7A0270A2151 /* Pods-pixlee_example.release.xcconfig */;
			buildSettings = {
				ASSETCATALOG_COMPILER_APPICON_NAME = AppIcon;
				CLANG_ENABLE_MODULES = YES;
				CODE_SIGN_STYLE = Automatic;
				DEVELOPMENT_TEAM = Q28M29YQL8;
				FRAMEWORK_SEARCH_PATHS = (
					"$(inherited)",
					"$(PROJECT_DIR)/Carthage/Build/iOS",
				);
				INFOPLIST_FILE = pixlee_example/Info.plist;
				LD_RUNPATH_SEARCH_PATHS = (
					"$(inherited)",
					"@executable_path/Frameworks",
				);
				PRODUCT_BUNDLE_IDENTIFIER = "Pixlee.pixlee-example";
				PRODUCT_NAME = "$(TARGET_NAME)";
				SWIFT_OBJC_BRIDGING_HEADER = "pixlee_example-Bridging-Header.h";
				SWIFT_VERSION = 5.0;
				TARGETED_DEVICE_FAMILY = "1,2";
			};
			name = Release;
		};
		CD68EA082343C2EF000A382A /* Debug */ = {
			isa = XCBuildConfiguration;
			baseConfigurationReference = 51BF2EB46E57600BCAFF748C /* Pods-pixlee_exampleTests.debug.xcconfig */;
			buildSettings = {
				BUNDLE_LOADER = "$(TEST_HOST)";
				CLANG_ENABLE_MODULES = YES;
				CODE_SIGN_STYLE = Automatic;
				DEVELOPMENT_TEAM = Q28M29YQL8;
				FRAMEWORK_SEARCH_PATHS = (
					"$(inherited)",
					"$(PROJECT_DIR)/Carthage/Build/iOS",
				);
				INFOPLIST_FILE = pixlee_exampleTests/Info.plist;
				IPHONEOS_DEPLOYMENT_TARGET = 13.0;
				LD_RUNPATH_SEARCH_PATHS = (
					"$(inherited)",
					"@executable_path/Frameworks",
					"@loader_path/Frameworks",
				);
				PRODUCT_BUNDLE_IDENTIFIER = "Pixlee.pixlee-exampleTests";
				PRODUCT_NAME = "$(TARGET_NAME)";
				SWIFT_OBJC_BRIDGING_HEADER = "pixlee_exampleTests-Bridging-Header.h";
				SWIFT_OPTIMIZATION_LEVEL = "-Onone";
				SWIFT_VERSION = 5.0;
				TARGETED_DEVICE_FAMILY = "1,2";
				TEST_HOST = "$(BUILT_PRODUCTS_DIR)/pixlee_example.app/pixlee_example";
			};
			name = Debug;
		};
		CD68EA092343C2EF000A382A /* Release */ = {
			isa = XCBuildConfiguration;
			baseConfigurationReference = B08B07F9D0D0DE2C28D8B2B3 /* Pods-pixlee_exampleTests.release.xcconfig */;
			buildSettings = {
				BUNDLE_LOADER = "$(TEST_HOST)";
				CLANG_ENABLE_MODULES = YES;
				CODE_SIGN_STYLE = Automatic;
				DEVELOPMENT_TEAM = Q28M29YQL8;
				FRAMEWORK_SEARCH_PATHS = (
					"$(inherited)",
					"$(PROJECT_DIR)/Carthage/Build/iOS",
				);
				INFOPLIST_FILE = pixlee_exampleTests/Info.plist;
				IPHONEOS_DEPLOYMENT_TARGET = 13.0;
				LD_RUNPATH_SEARCH_PATHS = (
					"$(inherited)",
					"@executable_path/Frameworks",
					"@loader_path/Frameworks",
				);
				PRODUCT_BUNDLE_IDENTIFIER = "Pixlee.pixlee-exampleTests";
				PRODUCT_NAME = "$(TARGET_NAME)";
				SWIFT_OBJC_BRIDGING_HEADER = "pixlee_exampleTests-Bridging-Header.h";
				SWIFT_VERSION = 5.0;
				TARGETED_DEVICE_FAMILY = "1,2";
				TEST_HOST = "$(BUILT_PRODUCTS_DIR)/pixlee_example.app/pixlee_example";
			};
			name = Release;
		};
/* End XCBuildConfiguration section */

/* Begin XCConfigurationList section */
		CD1C0D7823274C2D0099D28E /* Build configuration list for PBXProject "pixlee_example" */ = {
			isa = XCConfigurationList;
			buildConfigurations = (
				CD1C0D8F23274C2F0099D28E /* Debug */,
				CD1C0D9023274C2F0099D28E /* Release */,
			);
			defaultConfigurationIsVisible = 0;
			defaultConfigurationName = Release;
		};
		CD1C0D9123274C2F0099D28E /* Build configuration list for PBXNativeTarget "pixlee_example" */ = {
			isa = XCConfigurationList;
			buildConfigurations = (
				CD1C0D9223274C2F0099D28E /* Debug */,
				CD1C0D9323274C2F0099D28E /* Release */,
			);
			defaultConfigurationIsVisible = 0;
			defaultConfigurationName = Release;
		};
		CD68EA0A2343C2EF000A382A /* Build configuration list for PBXNativeTarget "pixlee_exampleTests" */ = {
			isa = XCConfigurationList;
			buildConfigurations = (
				CD68EA082343C2EF000A382A /* Debug */,
				CD68EA092343C2EF000A382A /* Release */,
			);
			defaultConfigurationIsVisible = 0;
			defaultConfigurationName = Release;
		};
/* End XCConfigurationList section */
	};
	rootObject = CD1C0D7523274C2D0099D28E /* Project object */;
}
