// !$*UTF8*$!
{
	archiveVersion = 1;
	classes = {
	};
	objectVersion = 46;
	objects = {

/* Begin PBXBuildFile section */
		6003F58E195388D20070C39A /* Foundation.framework in Frameworks */ = {isa = PBXBuildFile; fileRef = 6003F58D195388D20070C39A /* Foundation.framework */; };
		6003F590195388D20070C39A /* CoreGraphics.framework in Frameworks */ = {isa = PBXBuildFile; fileRef = 6003F58F195388D20070C39A /* CoreGraphics.framework */; };
		6003F592195388D20070C39A /* UIKit.framework in Frameworks */ = {isa = PBXBuildFile; fileRef = 6003F591195388D20070C39A /* UIKit.framework */; };
		6003F598195388D20070C39A /* InfoPlist.strings in Resources */ = {isa = PBXBuildFile; fileRef = 6003F596195388D20070C39A /* InfoPlist.strings */; };
		6003F59A195388D20070C39A /* main.m in Sources */ = {isa = PBXBuildFile; fileRef = 6003F599195388D20070C39A /* main.m */; };
		6003F59E195388D20070C39A /* PXLAppDelegate.m in Sources */ = {isa = PBXBuildFile; fileRef = 6003F59D195388D20070C39A /* PXLAppDelegate.m */; };
		6003F5A1195388D20070C39A /* Main_iPhone.storyboard in Resources */ = {isa = PBXBuildFile; fileRef = 6003F59F195388D20070C39A /* Main_iPhone.storyboard */; };
		6003F5A7195388D20070C39A /* PXLExampleAlbumViewController.m in Sources */ = {isa = PBXBuildFile; fileRef = 6003F5A6195388D20070C39A /* PXLExampleAlbumViewController.m */; };
		6003F5A9195388D20070C39A /* Images.xcassets in Resources */ = {isa = PBXBuildFile; fileRef = 6003F5A8195388D20070C39A /* Images.xcassets */; };
		6003F5B1195388D20070C39A /* Foundation.framework in Frameworks */ = {isa = PBXBuildFile; fileRef = 6003F58D195388D20070C39A /* Foundation.framework */; };
		6003F5B2195388D20070C39A /* UIKit.framework in Frameworks */ = {isa = PBXBuildFile; fileRef = 6003F591195388D20070C39A /* UIKit.framework */; };
		6003F5BA195388D20070C39A /* InfoPlist.strings in Resources */ = {isa = PBXBuildFile; fileRef = 6003F5B8195388D20070C39A /* InfoPlist.strings */; };
		6003F5BC195388D20070C39A /* Tests.m in Sources */ = {isa = PBXBuildFile; fileRef = 6003F5BB195388D20070C39A /* Tests.m */; };
		76ED54F51E88709700B7E8F2 /* Default-568h.png in Resources */ = {isa = PBXBuildFile; fileRef = 76ED54F31E88709700B7E8F2 /* Default-568h.png */; };
		76ED54F61E88709700B7E8F2 /* Default-568h@2x.png in Resources */ = {isa = PBXBuildFile; fileRef = 76ED54F41E88709700B7E8F2 /* Default-568h@2x.png */; };
		CD1CCBBE1E8CA85100FF5B10 /* pixlee_sdk.framework in CopyFiles */ = {isa = PBXBuildFile; fileRef = CD1CCBBD1E8CA85100FF5B10 /* pixlee_sdk.framework */; settings = {ATTRIBUTES = (CodeSignOnCopy, RemoveHeadersOnCopy, ); }; };
		CD1CCC0B1E8CC2AD00FF5B10 /* column@2x.png in Resources */ = {isa = PBXBuildFile; fileRef = CD1CCBFB1E8CC2AD00FF5B10 /* column@2x.png */; };
		CD1CCC0C1E8CC2AD00FF5B10 /* column@3x.png in Resources */ = {isa = PBXBuildFile; fileRef = CD1CCBFC1E8CC2AD00FF5B10 /* column@3x.png */; };
		CD1CCC0D1E8CC2AD00FF5B10 /* facebook@2x.png in Resources */ = {isa = PBXBuildFile; fileRef = CD1CCBFD1E8CC2AD00FF5B10 /* facebook@2x.png */; };
		CD1CCC0E1E8CC2AD00FF5B10 /* facebook@3x.png in Resources */ = {isa = PBXBuildFile; fileRef = CD1CCBFE1E8CC2AD00FF5B10 /* facebook@3x.png */; };
		CD1CCC0F1E8CC2AD00FF5B10 /* grid@2x.png in Resources */ = {isa = PBXBuildFile; fileRef = CD1CCBFF1E8CC2AD00FF5B10 /* grid@2x.png */; };
		CD1CCC101E8CC2AD00FF5B10 /* grid@3x.png in Resources */ = {isa = PBXBuildFile; fileRef = CD1CCC001E8CC2AD00FF5B10 /* grid@3x.png */; };
		CD1CCC111E8CC2AD00FF5B10 /* instagram@2x.png in Resources */ = {isa = PBXBuildFile; fileRef = CD1CCC011E8CC2AD00FF5B10 /* instagram@2x.png */; };
		CD1CCC121E8CC2AD00FF5B10 /* instagram@3x.png in Resources */ = {isa = PBXBuildFile; fileRef = CD1CCC021E8CC2AD00FF5B10 /* instagram@3x.png */; };
		CD1CCC131E8CC2AD00FF5B10 /* pinterest@2x.png in Resources */ = {isa = PBXBuildFile; fileRef = CD1CCC031E8CC2AD00FF5B10 /* pinterest@2x.png */; };
		CD1CCC141E8CC2AD00FF5B10 /* pinterest@3x.png in Resources */ = {isa = PBXBuildFile; fileRef = CD1CCC041E8CC2AD00FF5B10 /* pinterest@3x.png */; };
		CD1CCC151E8CC2AD00FF5B10 /* tumblr@2x.png in Resources */ = {isa = PBXBuildFile; fileRef = CD1CCC051E8CC2AD00FF5B10 /* tumblr@2x.png */; };
		CD1CCC161E8CC2AD00FF5B10 /* tumblr@3x.png in Resources */ = {isa = PBXBuildFile; fileRef = CD1CCC061E8CC2AD00FF5B10 /* tumblr@3x.png */; };
		CD1CCC171E8CC2AD00FF5B10 /* twitter@2x.png in Resources */ = {isa = PBXBuildFile; fileRef = CD1CCC071E8CC2AD00FF5B10 /* twitter@2x.png */; };
		CD1CCC181E8CC2AD00FF5B10 /* twitter@3x.png in Resources */ = {isa = PBXBuildFile; fileRef = CD1CCC081E8CC2AD00FF5B10 /* twitter@3x.png */; };
		CD1CCC191E8CC2AD00FF5B10 /* vine@2x.png in Resources */ = {isa = PBXBuildFile; fileRef = CD1CCC091E8CC2AD00FF5B10 /* vine@2x.png */; };
		CD1CCC1A1E8CC2AD00FF5B10 /* vine@3x.png in Resources */ = {isa = PBXBuildFile; fileRef = CD1CCC0A1E8CC2AD00FF5B10 /* vine@3x.png */; };
		CD1CCC1C1E8CCB0C00FF5B10 /* pixlee_sdk.framework in Frameworks */ = {isa = PBXBuildFile; fileRef = CD1CCC1B1E8CCB0C00FF5B10 /* pixlee_sdk.framework */; };
		CD1CCC1D1E8CCB0C00FF5B10 /* pixlee_sdk.framework in Embed Frameworks */ = {isa = PBXBuildFile; fileRef = CD1CCC1B1E8CCB0C00FF5B10 /* pixlee_sdk.framework */; settings = {ATTRIBUTES = (CodeSignOnCopy, RemoveHeadersOnCopy, ); }; };
		CDE8E2F11E8C2890004CF3E4 /* Masonry.framework in Frameworks */ = {isa = PBXBuildFile; fileRef = CDE8E2EC1E8C2890004CF3E4 /* Masonry.framework */; };
		CDE8E2F21E8C2890004CF3E4 /* Masonry.framework in Embed Frameworks */ = {isa = PBXBuildFile; fileRef = CDE8E2EC1E8C2890004CF3E4 /* Masonry.framework */; settings = {ATTRIBUTES = (CodeSignOnCopy, RemoveHeadersOnCopy, ); }; };
		CDE8E2F31E8C2890004CF3E4 /* FormatterKit.framework in Frameworks */ = {isa = PBXBuildFile; fileRef = CDE8E2ED1E8C2890004CF3E4 /* FormatterKit.framework */; };
		CDE8E2F41E8C2890004CF3E4 /* FormatterKit.framework in Embed Frameworks */ = {isa = PBXBuildFile; fileRef = CDE8E2ED1E8C2890004CF3E4 /* FormatterKit.framework */; settings = {ATTRIBUTES = (CodeSignOnCopy, RemoveHeadersOnCopy, ); }; };
		CDE8E2F51E8C2890004CF3E4 /* AFNetworking.framework in Frameworks */ = {isa = PBXBuildFile; fileRef = CDE8E2EE1E8C2890004CF3E4 /* AFNetworking.framework */; };
		CDE8E2F61E8C2890004CF3E4 /* AFNetworking.framework in Embed Frameworks */ = {isa = PBXBuildFile; fileRef = CDE8E2EE1E8C2890004CF3E4 /* AFNetworking.framework */; settings = {ATTRIBUTES = (CodeSignOnCopy, RemoveHeadersOnCopy, ); }; };
		CDE8E34D1E8C615A004CF3E4 /* WebImage.framework in Frameworks */ = {isa = PBXBuildFile; fileRef = CDE8E2EB1E8C2890004CF3E4 /* WebImage.framework */; };
		CDE8E34E1E8C615A004CF3E4 /* WebImage.framework in Embed Frameworks */ = {isa = PBXBuildFile; fileRef = CDE8E2EB1E8C2890004CF3E4 /* WebImage.framework */; settings = {ATTRIBUTES = (CodeSignOnCopy, RemoveHeadersOnCopy, ); }; };
/* End PBXBuildFile section */

/* Begin PBXContainerItemProxy section */
		6003F5B3195388D20070C39A /* PBXContainerItemProxy */ = {
			isa = PBXContainerItemProxy;
			containerPortal = 6003F582195388D10070C39A /* Project object */;
			proxyType = 1;
			remoteGlobalIDString = 6003F589195388D20070C39A;
			remoteInfo = "pixlee-ios-sdk";
		};
/* End PBXContainerItemProxy section */

/* Begin PBXCopyFilesBuildPhase section */
		CD1CCBBC1E8CA83E00FF5B10 /* CopyFiles */ = {
			isa = PBXCopyFilesBuildPhase;
			buildActionMask = 2147483647;
			dstPath = "";
			dstSubfolderSpec = 10;
			files = (
				CD1CCBBE1E8CA85100FF5B10 /* pixlee_sdk.framework in CopyFiles */,
			);
			runOnlyForDeploymentPostprocessing = 0;
		};
		CDE8E2EA1E8C2844004CF3E4 /* Embed Frameworks */ = {
			isa = PBXCopyFilesBuildPhase;
			buildActionMask = 2147483647;
			dstPath = "";
			dstSubfolderSpec = 10;
			files = (
				CDE8E2F61E8C2890004CF3E4 /* AFNetworking.framework in Embed Frameworks */,
				CDE8E34E1E8C615A004CF3E4 /* WebImage.framework in Embed Frameworks */,
				CD1CCC1D1E8CCB0C00FF5B10 /* pixlee_sdk.framework in Embed Frameworks */,
				CDE8E2F41E8C2890004CF3E4 /* FormatterKit.framework in Embed Frameworks */,
				CDE8E2F21E8C2890004CF3E4 /* Masonry.framework in Embed Frameworks */,
			);
			name = "Embed Frameworks";
			runOnlyForDeploymentPostprocessing = 0;
		};
/* End PBXCopyFilesBuildPhase section */

/* Begin PBXFileReference section */
		6003F58A195388D20070C39A /* example.app */ = {isa = PBXFileReference; explicitFileType = wrapper.application; includeInIndex = 0; path = example.app; sourceTree = BUILT_PRODUCTS_DIR; };
		6003F58D195388D20070C39A /* Foundation.framework */ = {isa = PBXFileReference; lastKnownFileType = wrapper.framework; name = Foundation.framework; path = System/Library/Frameworks/Foundation.framework; sourceTree = SDKROOT; };
		6003F58F195388D20070C39A /* CoreGraphics.framework */ = {isa = PBXFileReference; lastKnownFileType = wrapper.framework; name = CoreGraphics.framework; path = System/Library/Frameworks/CoreGraphics.framework; sourceTree = SDKROOT; };
		6003F591195388D20070C39A /* UIKit.framework */ = {isa = PBXFileReference; lastKnownFileType = wrapper.framework; name = UIKit.framework; path = System/Library/Frameworks/UIKit.framework; sourceTree = SDKROOT; };
		6003F595195388D20070C39A /* example-Info.plist */ = {isa = PBXFileReference; lastKnownFileType = text.plist.xml; path = "example-Info.plist"; sourceTree = "<group>"; };
		6003F597195388D20070C39A /* en */ = {isa = PBXFileReference; lastKnownFileType = text.plist.strings; name = en; path = en.lproj/InfoPlist.strings; sourceTree = "<group>"; };
		6003F599195388D20070C39A /* main.m */ = {isa = PBXFileReference; lastKnownFileType = sourcecode.c.objc; path = main.m; sourceTree = "<group>"; };
		6003F59B195388D20070C39A /* example-Prefix.pch */ = {isa = PBXFileReference; lastKnownFileType = sourcecode.c.h; path = "example-Prefix.pch"; sourceTree = "<group>"; };
		6003F59C195388D20070C39A /* PXLAppDelegate.h */ = {isa = PBXFileReference; lastKnownFileType = sourcecode.c.h; path = PXLAppDelegate.h; sourceTree = "<group>"; };
		6003F59D195388D20070C39A /* PXLAppDelegate.m */ = {isa = PBXFileReference; lastKnownFileType = sourcecode.c.objc; path = PXLAppDelegate.m; sourceTree = "<group>"; };
		6003F5A0195388D20070C39A /* Base */ = {isa = PBXFileReference; lastKnownFileType = file.storyboard; name = Base; path = Base.lproj/Main_iPhone.storyboard; sourceTree = "<group>"; };
		6003F5A5195388D20070C39A /* PXLExampleAlbumViewController.h */ = {isa = PBXFileReference; lastKnownFileType = sourcecode.c.h; path = PXLExampleAlbumViewController.h; sourceTree = "<group>"; };
		6003F5A6195388D20070C39A /* PXLExampleAlbumViewController.m */ = {isa = PBXFileReference; lastKnownFileType = sourcecode.c.objc; path = PXLExampleAlbumViewController.m; sourceTree = "<group>"; };
		6003F5A8195388D20070C39A /* Images.xcassets */ = {isa = PBXFileReference; lastKnownFileType = folder.assetcatalog; path = Images.xcassets; sourceTree = "<group>"; };
		6003F5AE195388D20070C39A /* Tests.xctest */ = {isa = PBXFileReference; explicitFileType = wrapper.cfbundle; includeInIndex = 0; path = Tests.xctest; sourceTree = BUILT_PRODUCTS_DIR; };
		6003F5B7195388D20070C39A /* Tests-Info.plist */ = {isa = PBXFileReference; lastKnownFileType = text.plist.xml; path = "Tests-Info.plist"; sourceTree = "<group>"; };
		6003F5B9195388D20070C39A /* en */ = {isa = PBXFileReference; lastKnownFileType = text.plist.strings; name = en; path = en.lproj/InfoPlist.strings; sourceTree = "<group>"; };
		6003F5BB195388D20070C39A /* Tests.m */ = {isa = PBXFileReference; lastKnownFileType = sourcecode.c.objc; path = Tests.m; sourceTree = "<group>"; };
		606FC2411953D9B200FFA9A0 /* Tests-Prefix.pch */ = {isa = PBXFileReference; lastKnownFileType = sourcecode.c.h; path = "Tests-Prefix.pch"; sourceTree = "<group>"; };
		76ED54F31E88709700B7E8F2 /* Default-568h.png */ = {isa = PBXFileReference; lastKnownFileType = image.png; path = "Default-568h.png"; sourceTree = "<group>"; };
		76ED54F41E88709700B7E8F2 /* Default-568h@2x.png */ = {isa = PBXFileReference; lastKnownFileType = image.png; path = "Default-568h@2x.png"; sourceTree = "<group>"; };
		CD1CCBBD1E8CA85100FF5B10 /* pixlee_sdk.framework */ = {isa = PBXFileReference; lastKnownFileType = wrapper.framework; name = pixlee_sdk.framework; path = Carthage/Build/iOS/pixlee_sdk.framework; sourceTree = "<group>"; };
		CD1CCBFB1E8CC2AD00FF5B10 /* column@2x.png */ = {isa = PBXFileReference; lastKnownFileType = image.png; name = "column@2x.png"; path = "Carthage/Build/iOS/pixlee_sdk.framework/column@2x.png"; sourceTree = "<group>"; };
		CD1CCBFC1E8CC2AD00FF5B10 /* column@3x.png */ = {isa = PBXFileReference; lastKnownFileType = image.png; name = "column@3x.png"; path = "Carthage/Build/iOS/pixlee_sdk.framework/column@3x.png"; sourceTree = "<group>"; };
		CD1CCBFD1E8CC2AD00FF5B10 /* facebook@2x.png */ = {isa = PBXFileReference; lastKnownFileType = image.png; name = "facebook@2x.png"; path = "Carthage/Build/iOS/pixlee_sdk.framework/facebook@2x.png"; sourceTree = "<group>"; };
		CD1CCBFE1E8CC2AD00FF5B10 /* facebook@3x.png */ = {isa = PBXFileReference; lastKnownFileType = image.png; name = "facebook@3x.png"; path = "Carthage/Build/iOS/pixlee_sdk.framework/facebook@3x.png"; sourceTree = "<group>"; };
		CD1CCBFF1E8CC2AD00FF5B10 /* grid@2x.png */ = {isa = PBXFileReference; lastKnownFileType = image.png; name = "grid@2x.png"; path = "Carthage/Build/iOS/pixlee_sdk.framework/grid@2x.png"; sourceTree = "<group>"; };
		CD1CCC001E8CC2AD00FF5B10 /* grid@3x.png */ = {isa = PBXFileReference; lastKnownFileType = image.png; name = "grid@3x.png"; path = "Carthage/Build/iOS/pixlee_sdk.framework/grid@3x.png"; sourceTree = "<group>"; };
		CD1CCC011E8CC2AD00FF5B10 /* instagram@2x.png */ = {isa = PBXFileReference; lastKnownFileType = image.png; name = "instagram@2x.png"; path = "Carthage/Build/iOS/pixlee_sdk.framework/instagram@2x.png"; sourceTree = "<group>"; };
		CD1CCC021E8CC2AD00FF5B10 /* instagram@3x.png */ = {isa = PBXFileReference; lastKnownFileType = image.png; name = "instagram@3x.png"; path = "Carthage/Build/iOS/pixlee_sdk.framework/instagram@3x.png"; sourceTree = "<group>"; };
		CD1CCC031E8CC2AD00FF5B10 /* pinterest@2x.png */ = {isa = PBXFileReference; lastKnownFileType = image.png; name = "pinterest@2x.png"; path = "Carthage/Build/iOS/pixlee_sdk.framework/pinterest@2x.png"; sourceTree = "<group>"; };
		CD1CCC041E8CC2AD00FF5B10 /* pinterest@3x.png */ = {isa = PBXFileReference; lastKnownFileType = image.png; name = "pinterest@3x.png"; path = "Carthage/Build/iOS/pixlee_sdk.framework/pinterest@3x.png"; sourceTree = "<group>"; };
		CD1CCC051E8CC2AD00FF5B10 /* tumblr@2x.png */ = {isa = PBXFileReference; lastKnownFileType = image.png; name = "tumblr@2x.png"; path = "Carthage/Build/iOS/pixlee_sdk.framework/tumblr@2x.png"; sourceTree = "<group>"; };
		CD1CCC061E8CC2AD00FF5B10 /* tumblr@3x.png */ = {isa = PBXFileReference; lastKnownFileType = image.png; name = "tumblr@3x.png"; path = "Carthage/Build/iOS/pixlee_sdk.framework/tumblr@3x.png"; sourceTree = "<group>"; };
		CD1CCC071E8CC2AD00FF5B10 /* twitter@2x.png */ = {isa = PBXFileReference; lastKnownFileType = image.png; name = "twitter@2x.png"; path = "Carthage/Build/iOS/pixlee_sdk.framework/twitter@2x.png"; sourceTree = "<group>"; };
		CD1CCC081E8CC2AD00FF5B10 /* twitter@3x.png */ = {isa = PBXFileReference; lastKnownFileType = image.png; name = "twitter@3x.png"; path = "Carthage/Build/iOS/pixlee_sdk.framework/twitter@3x.png"; sourceTree = "<group>"; };
		CD1CCC091E8CC2AD00FF5B10 /* vine@2x.png */ = {isa = PBXFileReference; lastKnownFileType = image.png; name = "vine@2x.png"; path = "Carthage/Build/iOS/pixlee_sdk.framework/vine@2x.png"; sourceTree = "<group>"; };
		CD1CCC0A1E8CC2AD00FF5B10 /* vine@3x.png */ = {isa = PBXFileReference; lastKnownFileType = image.png; name = "vine@3x.png"; path = "Carthage/Build/iOS/pixlee_sdk.framework/vine@3x.png"; sourceTree = "<group>"; };
		CD1CCC1B1E8CCB0C00FF5B10 /* pixlee_sdk.framework */ = {isa = PBXFileReference; lastKnownFileType = wrapper.framework; name = pixlee_sdk.framework; path = Carthage/Build/iOS/pixlee_sdk.framework; sourceTree = "<group>"; };
		CDE8E2EB1E8C2890004CF3E4 /* WebImage.framework */ = {isa = PBXFileReference; lastKnownFileType = wrapper.framework; name = WebImage.framework; path = Carthage/Build/iOS/WebImage.framework; sourceTree = "<group>"; };
		CDE8E2EC1E8C2890004CF3E4 /* Masonry.framework */ = {isa = PBXFileReference; lastKnownFileType = wrapper.framework; name = Masonry.framework; path = Carthage/Build/iOS/Masonry.framework; sourceTree = "<group>"; };
		CDE8E2ED1E8C2890004CF3E4 /* FormatterKit.framework */ = {isa = PBXFileReference; lastKnownFileType = wrapper.framework; name = FormatterKit.framework; path = Carthage/Build/iOS/FormatterKit.framework; sourceTree = "<group>"; };
		CDE8E2EE1E8C2890004CF3E4 /* AFNetworking.framework */ = {isa = PBXFileReference; lastKnownFileType = wrapper.framework; name = AFNetworking.framework; path = Carthage/Build/iOS/AFNetworking.framework; sourceTree = "<group>"; };
/* End PBXFileReference section */

/* Begin PBXFrameworksBuildPhase section */
		6003F587195388D20070C39A /* Frameworks */ = {
			isa = PBXFrameworksBuildPhase;
			buildActionMask = 2147483647;
			files = (
				CD1CCC1C1E8CCB0C00FF5B10 /* pixlee_sdk.framework in Frameworks */,
				6003F590195388D20070C39A /* CoreGraphics.framework in Frameworks */,
				CDE8E2F51E8C2890004CF3E4 /* AFNetworking.framework in Frameworks */,
				CDE8E2F11E8C2890004CF3E4 /* Masonry.framework in Frameworks */,
				6003F592195388D20070C39A /* UIKit.framework in Frameworks */,
				6003F58E195388D20070C39A /* Foundation.framework in Frameworks */,
				CDE8E2F31E8C2890004CF3E4 /* FormatterKit.framework in Frameworks */,
				CDE8E34D1E8C615A004CF3E4 /* WebImage.framework in Frameworks */,
			);
			runOnlyForDeploymentPostprocessing = 0;
		};
		6003F5AB195388D20070C39A /* Frameworks */ = {
			isa = PBXFrameworksBuildPhase;
			buildActionMask = 2147483647;
			files = (
				6003F5B2195388D20070C39A /* UIKit.framework in Frameworks */,
				6003F5B1195388D20070C39A /* Foundation.framework in Frameworks */,
			);
			runOnlyForDeploymentPostprocessing = 0;
		};
/* End PBXFrameworksBuildPhase section */

/* Begin PBXGroup section */
		6003F581195388D10070C39A = {
			isa = PBXGroup;
			children = (
				CD1CCC1B1E8CCB0C00FF5B10 /* pixlee_sdk.framework */,
				CD1CCBFB1E8CC2AD00FF5B10 /* column@2x.png */,
				CD1CCBFC1E8CC2AD00FF5B10 /* column@3x.png */,
				CD1CCBFD1E8CC2AD00FF5B10 /* facebook@2x.png */,
				CD1CCBFE1E8CC2AD00FF5B10 /* facebook@3x.png */,
				CD1CCBFF1E8CC2AD00FF5B10 /* grid@2x.png */,
				CD1CCC001E8CC2AD00FF5B10 /* grid@3x.png */,
				CD1CCC011E8CC2AD00FF5B10 /* instagram@2x.png */,
				CD1CCC021E8CC2AD00FF5B10 /* instagram@3x.png */,
				CD1CCC031E8CC2AD00FF5B10 /* pinterest@2x.png */,
				CD1CCC041E8CC2AD00FF5B10 /* pinterest@3x.png */,
				CD1CCC051E8CC2AD00FF5B10 /* tumblr@2x.png */,
				CD1CCC061E8CC2AD00FF5B10 /* tumblr@3x.png */,
				CD1CCC071E8CC2AD00FF5B10 /* twitter@2x.png */,
				CD1CCC081E8CC2AD00FF5B10 /* twitter@3x.png */,
				CD1CCC091E8CC2AD00FF5B10 /* vine@2x.png */,
				CD1CCC0A1E8CC2AD00FF5B10 /* vine@3x.png */,
				CD1CCBBD1E8CA85100FF5B10 /* pixlee_sdk.framework */,
				CDE8E2EB1E8C2890004CF3E4 /* WebImage.framework */,
				CDE8E2EC1E8C2890004CF3E4 /* Masonry.framework */,
				CDE8E2ED1E8C2890004CF3E4 /* FormatterKit.framework */,
				CDE8E2EE1E8C2890004CF3E4 /* AFNetworking.framework */,
				6003F593195388D20070C39A /* pixlee-ios-sdk */,
				6003F5B5195388D20070C39A /* Tests */,
				6003F58C195388D20070C39A /* Frameworks */,
				6003F58B195388D20070C39A /* Products */,
			);
			sourceTree = "<group>";
		};
		6003F58B195388D20070C39A /* Products */ = {
			isa = PBXGroup;
			children = (
				6003F58A195388D20070C39A /* example.app */,
				6003F5AE195388D20070C39A /* Tests.xctest */,
			);
			name = Products;
			sourceTree = "<group>";
		};
		6003F58C195388D20070C39A /* Frameworks */ = {
			isa = PBXGroup;
			children = (
				6003F58D195388D20070C39A /* Foundation.framework */,
				6003F58F195388D20070C39A /* CoreGraphics.framework */,
				6003F591195388D20070C39A /* UIKit.framework */,
			);
			name = Frameworks;
			sourceTree = "<group>";
		};
		6003F593195388D20070C39A /* pixlee-ios-sdk */ = {
			isa = PBXGroup;
			children = (
				6003F59C195388D20070C39A /* PXLAppDelegate.h */,
				6003F59D195388D20070C39A /* PXLAppDelegate.m */,
				6003F59F195388D20070C39A /* Main_iPhone.storyboard */,
				76ED54F31E88709700B7E8F2 /* Default-568h.png */,
				76ED54F41E88709700B7E8F2 /* Default-568h@2x.png */,
				6003F5A5195388D20070C39A /* PXLExampleAlbumViewController.h */,
				6003F5A6195388D20070C39A /* PXLExampleAlbumViewController.m */,
				6003F5A8195388D20070C39A /* Images.xcassets */,
				6003F594195388D20070C39A /* Supporting Files */,
			);
			path = "pixlee-ios-sdk";
			sourceTree = "<group>";
		};
		6003F594195388D20070C39A /* Supporting Files */ = {
			isa = PBXGroup;
			children = (
				6003F595195388D20070C39A /* example-Info.plist */,
				6003F596195388D20070C39A /* InfoPlist.strings */,
				6003F599195388D20070C39A /* main.m */,
				6003F59B195388D20070C39A /* example-Prefix.pch */,
			);
			name = "Supporting Files";
			sourceTree = "<group>";
		};
		6003F5B5195388D20070C39A /* Tests */ = {
			isa = PBXGroup;
			children = (
				6003F5BB195388D20070C39A /* Tests.m */,
				6003F5B6195388D20070C39A /* Supporting Files */,
			);
			path = Tests;
			sourceTree = "<group>";
		};
		6003F5B6195388D20070C39A /* Supporting Files */ = {
			isa = PBXGroup;
			children = (
				6003F5B7195388D20070C39A /* Tests-Info.plist */,
				6003F5B8195388D20070C39A /* InfoPlist.strings */,
				606FC2411953D9B200FFA9A0 /* Tests-Prefix.pch */,
			);
			name = "Supporting Files";
			sourceTree = "<group>";
		};
/* End PBXGroup section */

/* Begin PBXHeadersBuildPhase section */
		764BA7F61E8869F600CAEC69 /* Headers */ = {
			isa = PBXHeadersBuildPhase;
			buildActionMask = 2147483647;
			files = (
			);
			runOnlyForDeploymentPostprocessing = 0;
		};
/* End PBXHeadersBuildPhase section */

/* Begin PBXNativeTarget section */
		6003F589195388D20070C39A /* example */ = {
			isa = PBXNativeTarget;
			buildConfigurationList = 6003F5BF195388D20070C39A /* Build configuration list for PBXNativeTarget "example" */;
			buildPhases = (
				6003F586195388D20070C39A /* Sources */,
				6003F587195388D20070C39A /* Frameworks */,
				6003F588195388D20070C39A /* Resources */,
				764BA7F61E8869F600CAEC69 /* Headers */,
				CDE8E2EA1E8C2844004CF3E4 /* Embed Frameworks */,
				CDE8E3B41E8C9C56004CF3E4 /* Run Script */,
				CD1CCBBC1E8CA83E00FF5B10 /* CopyFiles */,
			);
			buildRules = (
			);
			dependencies = (
			);
			name = example;
			productName = "pixlee-ios-sdk";
			productReference = 6003F58A195388D20070C39A /* example.app */;
			productType = "com.apple.product-type.application";
		};
		6003F5AD195388D20070C39A /* Tests */ = {
			isa = PBXNativeTarget;
			buildConfigurationList = 6003F5C2195388D20070C39A /* Build configuration list for PBXNativeTarget "Tests" */;
			buildPhases = (
				6003F5AA195388D20070C39A /* Sources */,
				6003F5AB195388D20070C39A /* Frameworks */,
				6003F5AC195388D20070C39A /* Resources */,
			);
			buildRules = (
			);
			dependencies = (
				6003F5B4195388D20070C39A /* PBXTargetDependency */,
			);
			name = Tests;
			productName = "pixlee-ios-sdkTests";
			productReference = 6003F5AE195388D20070C39A /* Tests.xctest */;
			productType = "com.apple.product-type.bundle.unit-test";
		};
/* End PBXNativeTarget section */

/* Begin PBXProject section */
		6003F582195388D10070C39A /* Project object */ = {
			isa = PBXProject;
			attributes = {
				CLASSPREFIX = PXL;
				LastUpgradeCheck = 0820;
				ORGANIZATIONNAME = "Tim Shi";
				TargetAttributes = {
					6003F5AD195388D20070C39A = {
						LastSwiftMigration = 0820;
						TestTargetID = 6003F589195388D20070C39A;
					};
				};
			};
			buildConfigurationList = 6003F585195388D10070C39A /* Build configuration list for PBXProject "example" */;
			compatibilityVersion = "Xcode 3.2";
			developmentRegion = English;
			hasScannedForEncodings = 0;
			knownRegions = (
				en,
				Base,
			);
			mainGroup = 6003F581195388D10070C39A;
			productRefGroup = 6003F58B195388D20070C39A /* Products */;
			projectDirPath = "";
			projectRoot = "";
			targets = (
				6003F589195388D20070C39A /* example */,
				6003F5AD195388D20070C39A /* Tests */,
			);
		};
/* End PBXProject section */

/* Begin PBXResourcesBuildPhase section */
		6003F588195388D20070C39A /* Resources */ = {
			isa = PBXResourcesBuildPhase;
			buildActionMask = 2147483647;
			files = (
				CD1CCC0B1E8CC2AD00FF5B10 /* column@2x.png in Resources */,
				CD1CCC0C1E8CC2AD00FF5B10 /* column@3x.png in Resources */,
				CD1CCC0D1E8CC2AD00FF5B10 /* facebook@2x.png in Resources */,
				CD1CCC0E1E8CC2AD00FF5B10 /* facebook@3x.png in Resources */,
				CD1CCC0F1E8CC2AD00FF5B10 /* grid@2x.png in Resources */,
				CD1CCC101E8CC2AD00FF5B10 /* grid@3x.png in Resources */,
				CD1CCC111E8CC2AD00FF5B10 /* instagram@2x.png in Resources */,
				CD1CCC121E8CC2AD00FF5B10 /* instagram@3x.png in Resources */,
				CD1CCC131E8CC2AD00FF5B10 /* pinterest@2x.png in Resources */,
				CD1CCC141E8CC2AD00FF5B10 /* pinterest@3x.png in Resources */,
				CD1CCC151E8CC2AD00FF5B10 /* tumblr@2x.png in Resources */,
				CD1CCC161E8CC2AD00FF5B10 /* tumblr@3x.png in Resources */,
				CD1CCC171E8CC2AD00FF5B10 /* twitter@2x.png in Resources */,
				CD1CCC181E8CC2AD00FF5B10 /* twitter@3x.png in Resources */,
				CD1CCC191E8CC2AD00FF5B10 /* vine@2x.png in Resources */,
				CD1CCC1A1E8CC2AD00FF5B10 /* vine@3x.png in Resources */,
				76ED54F51E88709700B7E8F2 /* Default-568h.png in Resources */,
				6003F5A9195388D20070C39A /* Images.xcassets in Resources */,
				6003F5A1195388D20070C39A /* Main_iPhone.storyboard in Resources */,
				76ED54F61E88709700B7E8F2 /* Default-568h@2x.png in Resources */,
				6003F598195388D20070C39A /* InfoPlist.strings in Resources */,
			);
			runOnlyForDeploymentPostprocessing = 0;
		};
		6003F5AC195388D20070C39A /* Resources */ = {
			isa = PBXResourcesBuildPhase;
			buildActionMask = 2147483647;
			files = (
				6003F5BA195388D20070C39A /* InfoPlist.strings in Resources */,
			);
			runOnlyForDeploymentPostprocessing = 0;
		};
/* End PBXResourcesBuildPhase section */

/* Begin PBXShellScriptBuildPhase section */
		CDE8E3B41E8C9C56004CF3E4 /* Run Script */ = {
			isa = PBXShellScriptBuildPhase;
			buildActionMask = 2147483647;
			files = (
			);
			inputPaths = (
				"$(SRCROOT)/Carthage/Build/iOS/pixlee_sdk.framework",
			);
			name = "Run Script";
			outputPaths = (
			);
			runOnlyForDeploymentPostprocessing = 0;
			shellPath = /bin/sh;
			shellScript = "/usr/local/bin/carthage copy-frameworks";
		};
/* End PBXShellScriptBuildPhase section */

/* Begin PBXSourcesBuildPhase section */
		6003F586195388D20070C39A /* Sources */ = {
			isa = PBXSourcesBuildPhase;
			buildActionMask = 2147483647;
			files = (
				6003F59E195388D20070C39A /* PXLAppDelegate.m in Sources */,
				6003F5A7195388D20070C39A /* PXLExampleAlbumViewController.m in Sources */,
				6003F59A195388D20070C39A /* main.m in Sources */,
			);
			runOnlyForDeploymentPostprocessing = 0;
		};
		6003F5AA195388D20070C39A /* Sources */ = {
			isa = PBXSourcesBuildPhase;
			buildActionMask = 2147483647;
			files = (
				6003F5BC195388D20070C39A /* Tests.m in Sources */,
			);
			runOnlyForDeploymentPostprocessing = 0;
		};
/* End PBXSourcesBuildPhase section */

/* Begin PBXTargetDependency section */
		6003F5B4195388D20070C39A /* PBXTargetDependency */ = {
			isa = PBXTargetDependency;
			target = 6003F589195388D20070C39A /* example */;
			targetProxy = 6003F5B3195388D20070C39A /* PBXContainerItemProxy */;
		};
/* End PBXTargetDependency section */

/* Begin PBXVariantGroup section */
		6003F596195388D20070C39A /* InfoPlist.strings */ = {
			isa = PBXVariantGroup;
			children = (
				6003F597195388D20070C39A /* en */,
			);
			name = InfoPlist.strings;
			sourceTree = "<group>";
		};
		6003F59F195388D20070C39A /* Main_iPhone.storyboard */ = {
			isa = PBXVariantGroup;
			children = (
				6003F5A0195388D20070C39A /* Base */,
			);
			name = Main_iPhone.storyboard;
			sourceTree = "<group>";
		};
		6003F5B8195388D20070C39A /* InfoPlist.strings */ = {
			isa = PBXVariantGroup;
			children = (
				6003F5B9195388D20070C39A /* en */,
			);
			name = InfoPlist.strings;
			sourceTree = "<group>";
		};
/* End PBXVariantGroup section */

/* Begin XCBuildConfiguration section */
		6003F5BD195388D20070C39A /* Debug */ = {
			isa = XCBuildConfiguration;
			buildSettings = {
				ALWAYS_SEARCH_USER_PATHS = NO;
				CLANG_CXX_LANGUAGE_STANDARD = "gnu++0x";
				CLANG_CXX_LIBRARY = "libc++";
				CLANG_ENABLE_MODULES = YES;
				CLANG_ENABLE_OBJC_ARC = YES;
				CLANG_WARN_BOOL_CONVERSION = YES;
				CLANG_WARN_CONSTANT_CONVERSION = YES;
				CLANG_WARN_DIRECT_OBJC_ISA_USAGE = YES_ERROR;
				CLANG_WARN_EMPTY_BODY = YES;
				CLANG_WARN_ENUM_CONVERSION = YES;
				CLANG_WARN_INFINITE_RECURSION = YES;
				CLANG_WARN_INT_CONVERSION = YES;
				CLANG_WARN_OBJC_ROOT_CLASS = YES_ERROR;
				CLANG_WARN_SUSPICIOUS_MOVE = YES;
				CLANG_WARN_UNREACHABLE_CODE = YES;
				CLANG_WARN__DUPLICATE_METHOD_MATCH = YES;
				"CODE_SIGN_IDENTITY[sdk=iphoneos*]" = "iPhone Developer";
				COPY_PHASE_STRIP = NO;
				ENABLE_STRICT_OBJC_MSGSEND = YES;
				ENABLE_TESTABILITY = YES;
				GCC_C_LANGUAGE_STANDARD = gnu99;
				GCC_DYNAMIC_NO_PIC = NO;
				GCC_NO_COMMON_BLOCKS = YES;
				GCC_OPTIMIZATION_LEVEL = 0;
				GCC_PREPROCESSOR_DEFINITIONS = (
					"DEBUG=1",
					"$(inherited)",
				);
				GCC_SYMBOLS_PRIVATE_EXTERN = NO;
				GCC_WARN_64_TO_32_BIT_CONVERSION = YES;
				GCC_WARN_ABOUT_RETURN_TYPE = YES_ERROR;
				GCC_WARN_UNDECLARED_SELECTOR = YES;
				GCC_WARN_UNINITIALIZED_AUTOS = YES_AGGRESSIVE;
				GCC_WARN_UNUSED_FUNCTION = YES;
				GCC_WARN_UNUSED_VARIABLE = YES;
				IPHONEOS_DEPLOYMENT_TARGET = 8.0;
				ONLY_ACTIVE_ARCH = YES;
				SDKROOT = iphoneos;
				TARGETED_DEVICE_FAMILY = "1,2";
				USER_HEADER_SEARCH_PATHS = "\"$(BUILT_PRODUCTS_DIR)\"";
			};
			name = Debug;
		};
		6003F5BE195388D20070C39A /* Release */ = {
			isa = XCBuildConfiguration;
			buildSettings = {
				ALWAYS_SEARCH_USER_PATHS = NO;
				CLANG_CXX_LANGUAGE_STANDARD = "gnu++0x";
				CLANG_CXX_LIBRARY = "libc++";
				CLANG_ENABLE_MODULES = YES;
				CLANG_ENABLE_OBJC_ARC = YES;
				CLANG_WARN_BOOL_CONVERSION = YES;
				CLANG_WARN_CONSTANT_CONVERSION = YES;
				CLANG_WARN_DIRECT_OBJC_ISA_USAGE = YES_ERROR;
				CLANG_WARN_EMPTY_BODY = YES;
				CLANG_WARN_ENUM_CONVERSION = YES;
				CLANG_WARN_INFINITE_RECURSION = YES;
				CLANG_WARN_INT_CONVERSION = YES;
				CLANG_WARN_OBJC_ROOT_CLASS = YES_ERROR;
				CLANG_WARN_SUSPICIOUS_MOVE = YES;
				CLANG_WARN_UNREACHABLE_CODE = YES;
				CLANG_WARN__DUPLICATE_METHOD_MATCH = YES;
				"CODE_SIGN_IDENTITY[sdk=iphoneos*]" = "iPhone Developer";
				COPY_PHASE_STRIP = YES;
				ENABLE_NS_ASSERTIONS = NO;
				ENABLE_STRICT_OBJC_MSGSEND = YES;
				GCC_C_LANGUAGE_STANDARD = gnu99;
				GCC_NO_COMMON_BLOCKS = YES;
				GCC_WARN_64_TO_32_BIT_CONVERSION = YES;
				GCC_WARN_ABOUT_RETURN_TYPE = YES_ERROR;
				GCC_WARN_UNDECLARED_SELECTOR = YES;
				GCC_WARN_UNINITIALIZED_AUTOS = YES_AGGRESSIVE;
				GCC_WARN_UNUSED_FUNCTION = YES;
				GCC_WARN_UNUSED_VARIABLE = YES;
				IPHONEOS_DEPLOYMENT_TARGET = 8.0;
				SDKROOT = iphoneos;
				TARGETED_DEVICE_FAMILY = "1,2";
				USER_HEADER_SEARCH_PATHS = "\"$(BUILT_PRODUCTS_DIR)\"";
				VALIDATE_PRODUCT = YES;
			};
			name = Release;
		};
		6003F5C0195388D20070C39A /* Debug */ = {
			isa = XCBuildConfiguration;
			buildSettings = {
				ASSETCATALOG_COMPILER_APPICON_NAME = AppIcon;
				ASSETCATALOG_COMPILER_LAUNCHIMAGE_NAME = LaunchImage;
				FRAMEWORK_SEARCH_PATHS = (
					"$(inherited)",
					"$(PROJECT_DIR)/Carthage/Build/iOS",
				);
				GCC_PRECOMPILE_PREFIX_HEADER = YES;
				GCC_PREFIX_HEADER = "pixlee-ios-sdk/example-Prefix.pch";
				INFOPLIST_FILE = "pixlee-ios-sdk/example-Info.plist";
				IPHONEOS_DEPLOYMENT_TARGET = 8.0;
				LD_RUNPATH_SEARCH_PATHS = "$(inherited) @executable_path/Frameworks";
				PRODUCT_BUNDLE_IDENTIFIER = "com.pixlee.$(PRODUCT_NAME:rfc1034identifier)";
				PRODUCT_NAME = "$(TARGET_NAME)";
				TARGETED_DEVICE_FAMILY = 1;
				WRAPPER_EXTENSION = app;
			};
			name = Debug;
		};
		6003F5C1195388D20070C39A /* Release */ = {
			isa = XCBuildConfiguration;
			buildSettings = {
				ASSETCATALOG_COMPILER_APPICON_NAME = AppIcon;
				ASSETCATALOG_COMPILER_LAUNCHIMAGE_NAME = LaunchImage;
				"CODE_SIGN_IDENTITY[sdk=iphoneos*]" = "";
				FRAMEWORK_SEARCH_PATHS = (
					"$(inherited)",
					"$(PROJECT_DIR)/Carthage/Build/iOS",
				);
				GCC_PRECOMPILE_PREFIX_HEADER = YES;
				GCC_PREFIX_HEADER = "pixlee-ios-sdk/example-Prefix.pch";
				INFOPLIST_FILE = "pixlee-ios-sdk/example-Info.plist";
				IPHONEOS_DEPLOYMENT_TARGET = 8.0;
				LD_RUNPATH_SEARCH_PATHS = "$(inherited) @executable_path/Frameworks";
				PRODUCT_BUNDLE_IDENTIFIER = "com.pixlee.$(PRODUCT_NAME:rfc1034identifier)";
				PRODUCT_NAME = "$(TARGET_NAME)";
				PROVISIONING_PROFILE = "65ae6e91-64c4-4925-bd75-2036d79b4f37";
				TARGETED_DEVICE_FAMILY = 1;
				WRAPPER_EXTENSION = app;
			};
			name = Release;
		};
		6003F5C3195388D20070C39A /* Debug */ = {
			isa = XCBuildConfiguration;
			buildSettings = {
				BUNDLE_LOADER = "$(BUILT_PRODUCTS_DIR)/pixlee-ios-sdk.app/pixlee-ios-sdk";
				FRAMEWORK_SEARCH_PATHS = (
					"$(SDKROOT)/Developer/Library/Frameworks",
					"$(inherited)",
					"$(DEVELOPER_FRAMEWORKS_DIR)",
				);
				GCC_PRECOMPILE_PREFIX_HEADER = YES;
				GCC_PREFIX_HEADER = "Tests/Tests-Prefix.pch";
				GCC_PREPROCESSOR_DEFINITIONS = (
					"DEBUG=1",
					"$(inherited)",
				);
				INFOPLIST_FILE = "Tests/Tests-Info.plist";
				PRODUCT_BUNDLE_IDENTIFIER = "org.cocoapods.demo.${PRODUCT_NAME:rfc1034identifier}";
				PRODUCT_NAME = "$(TARGET_NAME)";
				SWIFT_VERSION = 3.0;
				TEST_HOST = "$(BUNDLE_LOADER)";
				WRAPPER_EXTENSION = xctest;
			};
			name = Debug;
		};
		6003F5C4195388D20070C39A /* Release */ = {
			isa = XCBuildConfiguration;
			buildSettings = {
				BUNDLE_LOADER = "$(BUILT_PRODUCTS_DIR)/pixlee-ios-sdk.app/pixlee-ios-sdk";
				FRAMEWORK_SEARCH_PATHS = (
					"$(SDKROOT)/Developer/Library/Frameworks",
					"$(inherited)",
					"$(DEVELOPER_FRAMEWORKS_DIR)",
				);
				GCC_PRECOMPILE_PREFIX_HEADER = YES;
				GCC_PREFIX_HEADER = "Tests/Tests-Prefix.pch";
				INFOPLIST_FILE = "Tests/Tests-Info.plist";
				PRODUCT_BUNDLE_IDENTIFIER = "org.cocoapods.demo.${PRODUCT_NAME:rfc1034identifier}";
				PRODUCT_NAME = "$(TARGET_NAME)";
				SWIFT_VERSION = 3.0;
				TEST_HOST = "$(BUNDLE_LOADER)";
				WRAPPER_EXTENSION = xctest;
			};
			name = Release;
		};
/* End XCBuildConfiguration section */

/* Begin XCConfigurationList section */
		6003F585195388D10070C39A /* Build configuration list for PBXProject "example" */ = {
			isa = XCConfigurationList;
			buildConfigurations = (
				6003F5BD195388D20070C39A /* Debug */,
				6003F5BE195388D20070C39A /* Release */,
			);
			defaultConfigurationIsVisible = 0;
			defaultConfigurationName = Release;
		};
		6003F5BF195388D20070C39A /* Build configuration list for PBXNativeTarget "example" */ = {
			isa = XCConfigurationList;
			buildConfigurations = (
				6003F5C0195388D20070C39A /* Debug */,
				6003F5C1195388D20070C39A /* Release */,
			);
			defaultConfigurationIsVisible = 0;
			defaultConfigurationName = Release;
		};
		6003F5C2195388D20070C39A /* Build configuration list for PBXNativeTarget "Tests" */ = {
			isa = XCConfigurationList;
			buildConfigurations = (
				6003F5C3195388D20070C39A /* Debug */,
				6003F5C4195388D20070C39A /* Release */,
			);
			defaultConfigurationIsVisible = 0;
			defaultConfigurationName = Release;
		};
/* End XCConfigurationList section */
	};
	rootObject = 6003F582195388D10070C39A /* Project object */;
}
